
Microsoft Visual Studio Solution File, Format Version 12.00
# Visual Studio Version 17
VisualStudioVersion = 17.4.33403.182
MinimumVisualStudioVersion = 10.0.40219.1
Project("{FAE04EC0-301F-11D3-BF4B-00C04F79EFBC}") = "CarLibrary", "CarLibrary\CarLibrary.csproj", "{CDC7D031-76E3-47DD-9E5E-AA0544C0046C}"
EndProject
Project("{FAE04EC0-301F-11D3-BF4B-00C04F79EFBC}") = "CarLibraryTests", "CarLibraryTests\CarLibraryTests.csproj", "{942C9A0D-C8AC-4396-B44B-DB8B2F97558C}"
EndProject
Global
	GlobalSection(SolutionConfigurationPlatforms) = preSolution
		Debug|Any CPU = Debug|Any CPU
		Release|Any CPU = Release|Any CPU
	EndGlobalSection
	GlobalSection(ProjectConfigurationPlatforms) = postSolution
		{CDC7D031-76E3-47DD-9E5E-AA0544C0046C}.Debug|Any CPU.ActiveCfg = Debug|Any CPU
		{CDC7D031-76E3-47DD-9E5E-AA0544C0046C}.Debug|Any CPU.Build.0 = Debug|Any CPU
		{CDC7D031-76E3-47DD-9E5E-AA0544C0046C}.Release|Any CPU.ActiveCfg = Release|Any CPU
		{CDC7D031-76E3-47DD-9E5E-AA0544C0046C}.Release|Any CPU.Build.0 = Release|Any CPU
		{942C9A0D-C8AC-4396-B44B-DB8B2F97558C}.Debug|Any CPU.ActiveCfg = Debug|Any CPU
		{942C9A0D-C8AC-4396-B44B-DB8B2F97558C}.Debug|Any CPU.Build.0 = Debug|Any CPU
		{942C9A0D-C8AC-4396-B44B-DB8B2F97558C}.Release|Any CPU.ActiveCfg = Release|Any CPU
		{942C9A0D-C8AC-4396-B44B-DB8B2F97558C}.Release|Any CPU.Build.0 = Release|Any CPU
	EndGlobalSection
	GlobalSection(SolutionProperties) = preSolution
		HideSolutionNode = FALSE
	EndGlobalSection
	GlobalSection(ExtensibilityGlobals) = postSolution
		SolutionGuid = {1D4D60C4-19DC-4F9A-B840-23A8ECF9EAE8}
	EndGlobalSection
EndGlobal
